{
  "name": "Andrew-Lam-Portfolio-Ver2",
  "lockfileVersion": 3,
  "requires": true,
  "packages": {
    "": {
      "dependencies": {
        "react-github-calendar": "^4.5.9"
      }
    },
    "node_modules/date-fns": {
      "version": "4.1.0",
      "resolved": "https://registry.npmjs.org/date-fns/-/date-fns-4.1.0.tgz",
      "integrity": "sha512-Ukq0owbQXxa/U3EGtsdVBkR1w7KOQ5gIBqdH2hkvknzZPYvBxb/aa6E8L7tmjFtkwZBu3UXBbjIgPo/Ez4xaNg==",
      "license": "MIT",
      "funding": {
        "type": "github",
        "url": "https://github.com/sponsors/kossnocorp"
      }
    },
    "node_modules/react": {
      "version": "19.1.1",
      "resolved": "https://registry.npmjs.org/react/-/react-19.1.1.tgz",
      "integrity": "sha512-w8nqGImo45dmMIfljjMwOGtbmC/mk4CMYhWIicdSflH91J9TyCyczcPFXJzrZ/ZXcgGRFeP6BU0BEJTw6tZdfQ==",
      "license": "MIT",
      "peer": true,
      "engines": {
        "node": ">=0.10.0"
      }
    },
    "node_modules/react-activity-calendar": {
      "version": "2.7.13",
      "resolved": "https://registry.npmjs.org/react-activity-calendar/-/react-activity-calendar-2.7.13.tgz",
      "integrity": "sha512-1ZHVgK8QJxtwG52EmcQrxhUQyN1Bv+819IPTTDAGp7Hme3h9IX2thDZJG+KnVbNQ3cjh8DQdfX4wWsTHIw75ug==",
      "license": "MIT",
      "dependencies": {
        "date-fns": "^4.1.0"
      },
      "peerDependencies": {
        "react": "^18.0.0 || ^19.0.0"
      }
    },
    "node_modules/react-github-calendar": {
      "version": "4.5.9",
      "resolved": "https://registry.npmjs.org/react-github-calendar/-/react-github-calendar-4.5.9.tgz",
      "integrity": "sha512-5Ks2vGbR4KieM0vO49hJKy6hLKpFo7kbtOg+Z67qz83VeJy094okTGLt9+k2oryN5PKfjn5sJr0UObXSvNgcNw==",
      "license": "MIT",
      "dependencies": {
        "react-activity-calendar": "^2.7.13"
      },
      "peerDependencies": {
        "react": "^18.0.0 || ^19.0.0"
      }
    }
  }
}
